
Microsoft Visual Studio Solution File, Format Version 12.00
# Visual Studio 15
VisualStudioVersion = 15.0.28307.136
MinimumVisualStudioVersion = 10.0.40219.1
Project("{2150E333-8FDC-42A3-9474-1A3956D46DE8}") = "src", "src", "{782E588B-86C4-46CC-9FA5-B1E392042EEA}"
EndProject
Project("{FAE04EC0-301F-11D3-BF4B-00C04F79EFBC}") = "ScheduleRemake", "ScheduleRemake\ScheduleRemake\ScheduleRemake.csproj", "{1F05500E-3C53-471F-8DBB-D2C9736CB744}"
EndProject
Project("{9A19103F-16F7-4668-BE54-9A1E7A4F7556}") = "DAL", "ScheduleRemake\DAL\DAL.csproj", "{49AAF646-5388-4EC1-825C-61520B85E39B}"
EndProject
Global
	GlobalSection(SolutionConfigurationPlatforms) = preSolution
		Debug|Any CPU = Debug|Any CPU
		Release|Any CPU = Release|Any CPU
	EndGlobalSection
	GlobalSection(ProjectConfigurationPlatforms) = postSolution
		{1F05500E-3C53-471F-8DBB-D2C9736CB744}.Debug|Any CPU.ActiveCfg = Debug|Any CPU
		{1F05500E-3C53-471F-8DBB-D2C9736CB744}.Debug|Any CPU.Build.0 = Debug|Any CPU
		{1F05500E-3C53-471F-8DBB-D2C9736CB744}.Release|Any CPU.ActiveCfg = Release|Any CPU
		{1F05500E-3C53-471F-8DBB-D2C9736CB744}.Release|Any CPU.Build.0 = Release|Any CPU
		{49AAF646-5388-4EC1-825C-61520B85E39B}.Debug|Any CPU.ActiveCfg = Debug|Any CPU
		{49AAF646-5388-4EC1-825C-61520B85E39B}.Debug|Any CPU.Build.0 = Debug|Any CPU
		{49AAF646-5388-4EC1-825C-61520B85E39B}.Release|Any CPU.ActiveCfg = Release|Any CPU
		{49AAF646-5388-4EC1-825C-61520B85E39B}.Release|Any CPU.Build.0 = Release|Any CPU
	EndGlobalSection
	GlobalSection(SolutionProperties) = preSolution
		HideSolutionNode = FALSE
	EndGlobalSection
	GlobalSection(NestedProjects) = preSolution
		{1F05500E-3C53-471F-8DBB-D2C9736CB744} = {782E588B-86C4-46CC-9FA5-B1E392042EEA}
		{49AAF646-5388-4EC1-825C-61520B85E39B} = {782E588B-86C4-46CC-9FA5-B1E392042EEA}
	EndGlobalSection
	GlobalSection(ExtensibilityGlobals) = postSolution
		SolutionGuid = {19CA8F1B-CB17-4C73-84F8-33027DF46427}
	EndGlobalSection
EndGlobal
